
Microsoft Visual Studio Solution File, Format Version 12.00
# Visual Studio 2012
Project("{FAE04EC0-301F-11D3-BF4B-00C04F79EFBC}") = "MvcApplication1", "MvcApplication1\MvcApplication1.csproj", "{683AEAEC-F714-47C5-ACEC-6188D2BC5FB8}"
EndProject
Global
	GlobalSection(SolutionConfigurationPlatforms) = preSolution
		Debug|Any CPU = Debug|Any CPU
		Release|Any CPU = Release|Any CPU
	EndGlobalSection
	GlobalSection(ProjectConfigurationPlatforms) = postSolution
		{683AEAEC-F714-47C5-ACEC-6188D2BC5FB8}.Debug|Any CPU.ActiveCfg = Debug|Any CPU
		{683AEAEC-F714-47C5-ACEC-6188D2BC5FB8}.Debug|Any CPU.Build.0 = Debug|Any CPU
		{683AEAEC-F714-47C5-ACEC-6188D2BC5FB8}.Release|Any CPU.ActiveCfg = Release|Any CPU
		{683AEAEC-F714-47C5-ACEC-6188D2BC5FB8}.Release|Any CPU.Build.0 = Release|Any CPU
	EndGlobalSection
	GlobalSection(SolutionProperties) = preSolution
		HideSolutionNode = FALSE
	EndGlobalSection
EndGlobal
